<?xml version="1.0" encoding="utf-8"?>
<Project ToolsVersion="15.0" xmlns="http://schemas.microsoft.com/developer/msbuild/2003">
  <ItemGroup>
    <Filter Include="Resource Files">
      <UniqueIdentifier>{67DA6AB6-F800-4c08-8B7A-83BB121AAD01}</UniqueIdentifier>
      <Extensions>rc;ico;cur;bmp;dlg;rc2;rct;bin;rgs;gif;jpg;jpeg;jpe;resx;tga;tiff;tif;png;wav;mfcribbon-ms</Extensions>
    </Filter>
  </ItemGroup>
  <ItemGroup>
    <ClCompile Include="pch.cpp" />
    <ClCompile Include="src\TUESL\Net\NetUtility.cxx" />
    <ClCompile Include="src\TUESL\SQLite\Database.cxx" />
    <ClCompile Include="src\TUESL\SQLite\PrepareStatement.cxx" />
  </ItemGroup>
  <ItemGroup>
    <ClInclude Include="pch.h" />
    <ClInclude Include="targetver.h" />
    <ClInclude Include="Headers\TUESL\Net\NetUtility.hxx" />
    <ClInclude Include="Headers\TUESL\SQLite\Database.hxx" />
    <ClInclude Include="Headers\TUESL\SQLite\DataTypes.hxx" />
    <ClInclude Include="Headers\TUESL\SQLite\PrepareStatement.hxx" />
    <ClInclude Include="Headers\TUESL\SQLite\SQLHandler.hxx" />
    <ClInclude Include="Headers\TUESL\SQLite\sqlhandlertraits.hxx" />
    <ClInclude Include="Headers\TUESL\SQLite\SQLite3PCH.hxx" />
    <ClInclude Include="Headers\TUESL\SQLite\SQLiteException.hxx" />
    <ClInclude Include="Headers\TUESL\Utility\UniqueHandler.hxx" />
    <ClInclude Include="Headers\TUESL\Utility\Utility.hxx" />
  </ItemGroup>
</Project>